
Microsoft Visual Studio Solution File, Format Version 12.00
# Visual Studio 2013
Project("{8BC9CEB8-8B4A-11D0-8D11-00A0C91BC942}") = "IntegrationDemo", "IntegrationDemo_Windows_vc120.vcxproj", "{B7214509-BA11-9115-1107-94DDA089F261}"
	ProjectSection(ProjectDependencies) = postProject
	EndProjectSection
EndProject
Global
	GlobalSection(SolutionConfigurationPlatforms) = preSolution
		Debug|Win32 = Debug|Win32
		Debug|x64 = Debug|x64
		Debug(StaticCRT)|Win32 = Debug(StaticCRT)|Win32
		Debug(StaticCRT)|x64 = Debug(StaticCRT)|x64
		Profile|Win32 = Profile|Win32
		Profile|x64 = Profile|x64
		Profile(StaticCRT)|Win32 = Profile(StaticCRT)|Win32
		Profile(StaticCRT)|x64 = Profile(StaticCRT)|x64
		Release|Win32 = Release|Win32
		Release|x64 = Release|x64
		Release(StaticCRT)|Win32 = Release(StaticCRT)|Win32
		Release(StaticCRT)|x64 = Release(StaticCRT)|x64
	EndGlobalSection
	GlobalSection(ProjectConfigurationPlatforms) = postSolution
		{B7214509-BA11-9115-1107-94DDA089F261}.Debug|Win32.ActiveCfg = Debug|Win32
		{B7214509-BA11-9115-1107-94DDA089F261}.Debug|Win32.Build.0 = Debug|Win32
		{B7214509-BA11-9115-1107-94DDA089F261}.Debug|x64.ActiveCfg = Debug|x64
		{B7214509-BA11-9115-1107-94DDA089F261}.Debug|x64.Build.0 = Debug|x64
		{B7214509-BA11-9115-1107-94DDA089F261}.Debug(StaticCRT)|Win32.ActiveCfg = Debug(StaticCRT)|Win32
		{B7214509-BA11-9115-1107-94DDA089F261}.Debug(StaticCRT)|Win32.Build.0 = Debug(StaticCRT)|Win32
		{B7214509-BA11-9115-1107-94DDA089F261}.Debug(StaticCRT)|x64.ActiveCfg = Debug(StaticCRT)|x64
		{B7214509-BA11-9115-1107-94DDA089F261}.Debug(StaticCRT)|x64.Build.0 = Debug(StaticCRT)|x64
		{B7214509-BA11-9115-1107-94DDA089F261}.Profile|Win32.ActiveCfg = Profile|Win32
		{B7214509-BA11-9115-1107-94DDA089F261}.Profile|Win32.Build.0 = Profile|Win32
		{B7214509-BA11-9115-1107-94DDA089F261}.Profile|x64.ActiveCfg = Profile|x64
		{B7214509-BA11-9115-1107-94DDA089F261}.Profile|x64.Build.0 = Profile|x64
		{B7214509-BA11-9115-1107-94DDA089F261}.Profile(StaticCRT)|Win32.ActiveCfg = Profile(StaticCRT)|Win32
		{B7214509-BA11-9115-1107-94DDA089F261}.Profile(StaticCRT)|Win32.Build.0 = Profile(StaticCRT)|Win32
		{B7214509-BA11-9115-1107-94DDA089F261}.Profile(StaticCRT)|x64.ActiveCfg = Profile(StaticCRT)|x64
		{B7214509-BA11-9115-1107-94DDA089F261}.Profile(StaticCRT)|x64.Build.0 = Profile(StaticCRT)|x64
		{B7214509-BA11-9115-1107-94DDA089F261}.Release|Win32.ActiveCfg = Release|Win32
		{B7214509-BA11-9115-1107-94DDA089F261}.Release|Win32.Build.0 = Release|Win32
		{B7214509-BA11-9115-1107-94DDA089F261}.Release|x64.ActiveCfg = Release|x64
		{B7214509-BA11-9115-1107-94DDA089F261}.Release|x64.Build.0 = Release|x64
		{B7214509-BA11-9115-1107-94DDA089F261}.Release(StaticCRT)|Win32.ActiveCfg = Release(StaticCRT)|Win32
		{B7214509-BA11-9115-1107-94DDA089F261}.Release(StaticCRT)|Win32.Build.0 = Release(StaticCRT)|Win32
		{B7214509-BA11-9115-1107-94DDA089F261}.Release(StaticCRT)|x64.ActiveCfg = Release(StaticCRT)|x64
		{B7214509-BA11-9115-1107-94DDA089F261}.Release(StaticCRT)|x64.Build.0 = Release(StaticCRT)|x64
	EndGlobalSection
	GlobalSection(SolutionProperties) = preSolution
		HideSolutionNode = FALSE
	EndGlobalSection
	GlobalSection(NestedProjects) = preSolution
	EndGlobalSection
EndGlobal
