<?xml version="1.0" encoding="utf-8"?>
<Project ToolsVersion="4.0" xmlns="http://schemas.microsoft.com/developer/msbuild/2003">
  <ItemGroup>
    <Filter Include="Common">
      <UniqueIdentifier>{5AD8C8D9-2547-7683-149A-38675DF5FDC5}</UniqueIdentifier>
    </Filter>
    <Filter Include="Win32">
      <UniqueIdentifier>{59E14D39-C76C-FC73-0F4C-1123685A8DAF}</UniqueIdentifier>
    </Filter>
  </ItemGroup>
  <ItemGroup>
    <ClInclude Include="stdafx.h" />
    <ClInclude Include="..\Common\AkTransferDeferred.h">
      <Filter>Common</Filter>
    </ClInclude>
    <ClInclude Include="..\Common\AkBuddyBlockPool.h">
      <Filter>Common</Filter>
    </ClInclude>
    <ClInclude Include="..\Common\AkDeviceDeferredLinedUp.h">
      <Filter>Common</Filter>
    </ClInclude>
    <ClInclude Include="..\Common\AkDeviceBase.h">
      <Filter>Common</Filter>
    </ClInclude>
    <ClInclude Include="..\Common\AkStmMemView.h">
      <Filter>Common</Filter>
    </ClInclude>
    <ClInclude Include="..\Common\AkStreamingDefaults.h">
      <Filter>Common</Filter>
    </ClInclude>
    <ClInclude Include="..\Common\AkDeviceBlocking.h">
      <Filter>Common</Filter>
    </ClInclude>
    <ClInclude Include="..\Common\AkIOMemMgr.h">
      <Filter>Common</Filter>
    </ClInclude>
    <ClInclude Include="..\Common\AkStreamMgr.h">
      <Filter>Common</Filter>
    </ClInclude>
    <ClInclude Include="..\Common\AkStmDeferredLinedUpBase.h">
      <Filter>Common</Filter>
    </ClInclude>
    <ClInclude Include="..\Win32\AkPlatformStreamingDefaults.h">
      <Filter>Win32</Filter>
    </ClInclude>
    <ClInclude Include="..\Win32\AkIOThread.h">
      <Filter>Win32</Filter>
    </ClInclude>
  </ItemGroup>
  <ItemGroup>
    <ClCompile Include="stdafx.cpp" />
    <ClCompile Include="..\Common\AkIOMemMgr.cpp">
      <Filter>Common</Filter>
    </ClCompile>
    <ClCompile Include="..\Common\AkDeviceBase.cpp">
      <Filter>Common</Filter>
    </ClCompile>
    <ClCompile Include="..\Common\AkDeviceBlocking.cpp">
      <Filter>Common</Filter>
    </ClCompile>
    <ClCompile Include="..\Common\AkTransferDeferred.cpp">
      <Filter>Common</Filter>
    </ClCompile>
    <ClCompile Include="..\Common\AkDeviceDeferredLinedUp.cpp">
      <Filter>Common</Filter>
    </ClCompile>
    <ClCompile Include="..\Common\AkStreamMgr.cpp">
      <Filter>Common</Filter>
    </ClCompile>
    <ClCompile Include="..\Win32\AkIOThread.cpp">
      <Filter>Win32</Filter>
    </ClCompile>
  </ItemGroup>
</Project>
