
Microsoft Visual Studio Solution File, Format Version 12.00
# Visual Studio 15
Project("{8BC9CEB8-8B4A-11D0-8D11-00A0C91BC942}") = "AkSineSource", "AkSineTone\Sources\AudioEngineFX\Win32\AkSineSourceWindows_vc150.vcxproj", "{B4FB01F3-BB95-D8F6-A1C5-CF0367C10C34}"
EndProject
Project("{8BC9CEB8-8B4A-11D0-8D11-00A0C91BC942}") = "AkToneSource", "AkToneGenerator\Sources\AudioEngineFX\Win32\AkToneSourceWindows_vc150.vcxproj", "{EC96A895-7318-5AE3-4E72-48CD1B5ACFA9}"
EndProject
Project("{8BC9CEB8-8B4A-11D0-8D11-00A0C91BC942}") = "AkSink", "AkSink\Sources\AudioEngineFX\Win32\AkSinkWindows_vc150.vcxproj", "{7F84C25C-D048-4BB1-8C37-D651D59A1BAE}"
EndProject
Project("{8BC9CEB8-8B4A-11D0-8D11-00A0C91BC942}") = "AkDelayFX", "AkDelay\Sources\AudioEngineFX\Win32\AkDelayFXWindows_vc150.vcxproj", "{C98A7955-3A01-B6D3-5DD6-6AE07311C5CE}"
EndProject
Project("{8BC9CEB8-8B4A-11D0-8D11-00A0C91BC942}") = "AkAudioInputSource", "AkAudioInput\Sources\AudioEngineFX\Win32\AkAudioInputSourceWindows_vc150.vcxproj", "{B4B74909-C270-30DF-56B8-71F52F92B374}"
EndProject
Global
	GlobalSection(SolutionConfigurationPlatforms) = preSolution
		Debug|Win32 = Debug|Win32
		Debug|x64 = Debug|x64
		Debug(StaticCRT)|Win32 = Debug(StaticCRT)|Win32
		Debug(StaticCRT)|x64 = Debug(StaticCRT)|x64
		Profile|Win32 = Profile|Win32
		Profile|x64 = Profile|x64
		Profile_EnableAsserts|Win32 = Profile_EnableAsserts|Win32
		Profile_EnableAsserts|x64 = Profile_EnableAsserts|x64
		Profile(StaticCRT)|Win32 = Profile(StaticCRT)|Win32
		Profile(StaticCRT)|x64 = Profile(StaticCRT)|x64
		Profile(StaticCRT)_EnableAsserts|Win32 = Profile(StaticCRT)_EnableAsserts|Win32
		Profile(StaticCRT)_EnableAsserts|x64 = Profile(StaticCRT)_EnableAsserts|x64
		Release|Win32 = Release|Win32
		Release|x64 = Release|x64
		Release(StaticCRT)|Win32 = Release(StaticCRT)|Win32
		Release(StaticCRT)|x64 = Release(StaticCRT)|x64
	EndGlobalSection
	GlobalSection(ProjectConfigurationPlatforms) = postSolution
		{B4FB01F3-BB95-D8F6-A1C5-CF0367C10C34}.Debug|Win32.ActiveCfg = Debug|Win32
		{B4FB01F3-BB95-D8F6-A1C5-CF0367C10C34}.Debug|Win32.Build.0 = Debug|Win32
		{B4FB01F3-BB95-D8F6-A1C5-CF0367C10C34}.Debug|x64.ActiveCfg = Debug|x64
		{B4FB01F3-BB95-D8F6-A1C5-CF0367C10C34}.Debug|x64.Build.0 = Debug|x64
		{B4FB01F3-BB95-D8F6-A1C5-CF0367C10C34}.Debug(StaticCRT)|Win32.ActiveCfg = Debug(StaticCRT)|Win32
		{B4FB01F3-BB95-D8F6-A1C5-CF0367C10C34}.Debug(StaticCRT)|Win32.Build.0 = Debug(StaticCRT)|Win32
		{B4FB01F3-BB95-D8F6-A1C5-CF0367C10C34}.Debug(StaticCRT)|x64.ActiveCfg = Debug(StaticCRT)|x64
		{B4FB01F3-BB95-D8F6-A1C5-CF0367C10C34}.Debug(StaticCRT)|x64.Build.0 = Debug(StaticCRT)|x64
		{B4FB01F3-BB95-D8F6-A1C5-CF0367C10C34}.Profile|Win32.ActiveCfg = Profile|Win32
		{B4FB01F3-BB95-D8F6-A1C5-CF0367C10C34}.Profile|Win32.Build.0 = Profile|Win32
		{B4FB01F3-BB95-D8F6-A1C5-CF0367C10C34}.Profile|x64.ActiveCfg = Profile|x64
		{B4FB01F3-BB95-D8F6-A1C5-CF0367C10C34}.Profile|x64.Build.0 = Profile|x64
		{B4FB01F3-BB95-D8F6-A1C5-CF0367C10C34}.Profile_EnableAsserts|Win32.ActiveCfg = Profile_EnableAsserts|Win32
		{B4FB01F3-BB95-D8F6-A1C5-CF0367C10C34}.Profile_EnableAsserts|Win32.Build.0 = Profile_EnableAsserts|Win32
		{B4FB01F3-BB95-D8F6-A1C5-CF0367C10C34}.Profile_EnableAsserts|x64.ActiveCfg = Profile_EnableAsserts|x64
		{B4FB01F3-BB95-D8F6-A1C5-CF0367C10C34}.Profile_EnableAsserts|x64.Build.0 = Profile_EnableAsserts|x64
		{B4FB01F3-BB95-D8F6-A1C5-CF0367C10C34}.Profile(StaticCRT)|Win32.ActiveCfg = Profile(StaticCRT)|Win32
		{B4FB01F3-BB95-D8F6-A1C5-CF0367C10C34}.Profile(StaticCRT)|Win32.Build.0 = Profile(StaticCRT)|Win32
		{B4FB01F3-BB95-D8F6-A1C5-CF0367C10C34}.Profile(StaticCRT)|x64.ActiveCfg = Profile(StaticCRT)|x64
		{B4FB01F3-BB95-D8F6-A1C5-CF0367C10C34}.Profile(StaticCRT)|x64.Build.0 = Profile(StaticCRT)|x64
		{B4FB01F3-BB95-D8F6-A1C5-CF0367C10C34}.Profile(StaticCRT)_EnableAsserts|Win32.ActiveCfg = Profile(StaticCRT)_EnableAsserts|Win32
		{B4FB01F3-BB95-D8F6-A1C5-CF0367C10C34}.Profile(StaticCRT)_EnableAsserts|Win32.Build.0 = Profile(StaticCRT)_EnableAsserts|Win32
		{B4FB01F3-BB95-D8F6-A1C5-CF0367C10C34}.Profile(StaticCRT)_EnableAsserts|x64.ActiveCfg = Profile(StaticCRT)_EnableAsserts|x64
		{B4FB01F3-BB95-D8F6-A1C5-CF0367C10C34}.Profile(StaticCRT)_EnableAsserts|x64.Build.0 = Profile(StaticCRT)_EnableAsserts|x64
		{B4FB01F3-BB95-D8F6-A1C5-CF0367C10C34}.Release|Win32.ActiveCfg = Release|Win32
		{B4FB01F3-BB95-D8F6-A1C5-CF0367C10C34}.Release|Win32.Build.0 = Release|Win32
		{B4FB01F3-BB95-D8F6-A1C5-CF0367C10C34}.Release|x64.ActiveCfg = Release|x64
		{B4FB01F3-BB95-D8F6-A1C5-CF0367C10C34}.Release|x64.Build.0 = Release|x64
		{B4FB01F3-BB95-D8F6-A1C5-CF0367C10C34}.Release(StaticCRT)|Win32.ActiveCfg = Release(StaticCRT)|Win32
		{B4FB01F3-BB95-D8F6-A1C5-CF0367C10C34}.Release(StaticCRT)|Win32.Build.0 = Release(StaticCRT)|Win32
		{B4FB01F3-BB95-D8F6-A1C5-CF0367C10C34}.Release(StaticCRT)|x64.ActiveCfg = Release(StaticCRT)|x64
		{B4FB01F3-BB95-D8F6-A1C5-CF0367C10C34}.Release(StaticCRT)|x64.Build.0 = Release(StaticCRT)|x64
		{EC96A895-7318-5AE3-4E72-48CD1B5ACFA9}.Debug|Win32.ActiveCfg = Debug|Win32
		{EC96A895-7318-5AE3-4E72-48CD1B5ACFA9}.Debug|Win32.Build.0 = Debug|Win32
		{EC96A895-7318-5AE3-4E72-48CD1B5ACFA9}.Debug|x64.ActiveCfg = Debug|x64
		{EC96A895-7318-5AE3-4E72-48CD1B5ACFA9}.Debug|x64.Build.0 = Debug|x64
		{EC96A895-7318-5AE3-4E72-48CD1B5ACFA9}.Debug(StaticCRT)|Win32.ActiveCfg = Debug(StaticCRT)|Win32
		{EC96A895-7318-5AE3-4E72-48CD1B5ACFA9}.Debug(StaticCRT)|Win32.Build.0 = Debug(StaticCRT)|Win32
		{EC96A895-7318-5AE3-4E72-48CD1B5ACFA9}.Debug(StaticCRT)|x64.ActiveCfg = Debug(StaticCRT)|x64
		{EC96A895-7318-5AE3-4E72-48CD1B5ACFA9}.Debug(StaticCRT)|x64.Build.0 = Debug(StaticCRT)|x64
		{EC96A895-7318-5AE3-4E72-48CD1B5ACFA9}.Profile|Win32.ActiveCfg = Profile|Win32
		{EC96A895-7318-5AE3-4E72-48CD1B5ACFA9}.Profile|Win32.Build.0 = Profile|Win32
		{EC96A895-7318-5AE3-4E72-48CD1B5ACFA9}.Profile|x64.ActiveCfg = Profile|x64
		{EC96A895-7318-5AE3-4E72-48CD1B5ACFA9}.Profile|x64.Build.0 = Profile|x64
		{EC96A895-7318-5AE3-4E72-48CD1B5ACFA9}.Profile_EnableAsserts|Win32.ActiveCfg = Profile_EnableAsserts|Win32
		{EC96A895-7318-5AE3-4E72-48CD1B5ACFA9}.Profile_EnableAsserts|Win32.Build.0 = Profile_EnableAsserts|Win32
		{EC96A895-7318-5AE3-4E72-48CD1B5ACFA9}.Profile_EnableAsserts|x64.ActiveCfg = Profile_EnableAsserts|x64
		{EC96A895-7318-5AE3-4E72-48CD1B5ACFA9}.Profile_EnableAsserts|x64.Build.0 = Profile_EnableAsserts|x64
		{EC96A895-7318-5AE3-4E72-48CD1B5ACFA9}.Profile(StaticCRT)|Win32.ActiveCfg = Profile(StaticCRT)|Win32
		{EC96A895-7318-5AE3-4E72-48CD1B5ACFA9}.Profile(StaticCRT)|Win32.Build.0 = Profile(StaticCRT)|Win32
		{EC96A895-7318-5AE3-4E72-48CD1B5ACFA9}.Profile(StaticCRT)|x64.ActiveCfg = Profile(StaticCRT)|x64
		{EC96A895-7318-5AE3-4E72-48CD1B5ACFA9}.Profile(StaticCRT)|x64.Build.0 = Profile(StaticCRT)|x64
		{EC96A895-7318-5AE3-4E72-48CD1B5ACFA9}.Profile(StaticCRT)_EnableAsserts|Win32.ActiveCfg = Profile(StaticCRT)_EnableAsserts|Win32
		{EC96A895-7318-5AE3-4E72-48CD1B5ACFA9}.Profile(StaticCRT)_EnableAsserts|Win32.Build.0 = Profile(StaticCRT)_EnableAsserts|Win32
		{EC96A895-7318-5AE3-4E72-48CD1B5ACFA9}.Profile(StaticCRT)_EnableAsserts|x64.ActiveCfg = Profile(StaticCRT)_EnableAsserts|x64
		{EC96A895-7318-5AE3-4E72-48CD1B5ACFA9}.Profile(StaticCRT)_EnableAsserts|x64.Build.0 = Profile(StaticCRT)_EnableAsserts|x64
		{EC96A895-7318-5AE3-4E72-48CD1B5ACFA9}.Release|Win32.ActiveCfg = Release|Win32
		{EC96A895-7318-5AE3-4E72-48CD1B5ACFA9}.Release|Win32.Build.0 = Release|Win32
		{EC96A895-7318-5AE3-4E72-48CD1B5ACFA9}.Release|x64.ActiveCfg = Release|x64
		{EC96A895-7318-5AE3-4E72-48CD1B5ACFA9}.Release|x64.Build.0 = Release|x64
		{EC96A895-7318-5AE3-4E72-48CD1B5ACFA9}.Release(StaticCRT)|Win32.ActiveCfg = Release(StaticCRT)|Win32
		{EC96A895-7318-5AE3-4E72-48CD1B5ACFA9}.Release(StaticCRT)|Win32.Build.0 = Release(StaticCRT)|Win32
		{EC96A895-7318-5AE3-4E72-48CD1B5ACFA9}.Release(StaticCRT)|x64.ActiveCfg = Release(StaticCRT)|x64
		{EC96A895-7318-5AE3-4E72-48CD1B5ACFA9}.Release(StaticCRT)|x64.Build.0 = Release(StaticCRT)|x64
		{7F84C25C-D048-4BB1-8C37-D651D59A1BAE}.Debug|Win32.ActiveCfg = Debug|Win32
		{7F84C25C-D048-4BB1-8C37-D651D59A1BAE}.Debug|Win32.Build.0 = Debug|Win32
		{7F84C25C-D048-4BB1-8C37-D651D59A1BAE}.Debug|x64.ActiveCfg = Debug|x64
		{7F84C25C-D048-4BB1-8C37-D651D59A1BAE}.Debug|x64.Build.0 = Debug|x64
		{7F84C25C-D048-4BB1-8C37-D651D59A1BAE}.Debug(StaticCRT)|Win32.ActiveCfg = Debug(StaticCRT)|Win32
		{7F84C25C-D048-4BB1-8C37-D651D59A1BAE}.Debug(StaticCRT)|Win32.Build.0 = Debug(StaticCRT)|Win32
		{7F84C25C-D048-4BB1-8C37-D651D59A1BAE}.Debug(StaticCRT)|x64.ActiveCfg = Debug(StaticCRT)|x64
		{7F84C25C-D048-4BB1-8C37-D651D59A1BAE}.Debug(StaticCRT)|x64.Build.0 = Debug(StaticCRT)|x64
		{7F84C25C-D048-4BB1-8C37-D651D59A1BAE}.Profile|Win32.ActiveCfg = Profile|Win32
		{7F84C25C-D048-4BB1-8C37-D651D59A1BAE}.Profile|Win32.Build.0 = Profile|Win32
		{7F84C25C-D048-4BB1-8C37-D651D59A1BAE}.Profile|x64.ActiveCfg = Profile|x64
		{7F84C25C-D048-4BB1-8C37-D651D59A1BAE}.Profile|x64.Build.0 = Profile|x64
		{7F84C25C-D048-4BB1-8C37-D651D59A1BAE}.Profile_EnableAsserts|Win32.ActiveCfg = Profile_EnableAsserts|Win32
		{7F84C25C-D048-4BB1-8C37-D651D59A1BAE}.Profile_EnableAsserts|Win32.Build.0 = Profile_EnableAsserts|Win32
		{7F84C25C-D048-4BB1-8C37-D651D59A1BAE}.Profile_EnableAsserts|x64.ActiveCfg = Profile_EnableAsserts|x64
		{7F84C25C-D048-4BB1-8C37-D651D59A1BAE}.Profile_EnableAsserts|x64.Build.0 = Profile_EnableAsserts|x64
		{7F84C25C-D048-4BB1-8C37-D651D59A1BAE}.Profile(StaticCRT)|Win32.ActiveCfg = Profile(StaticCRT)|Win32
		{7F84C25C-D048-4BB1-8C37-D651D59A1BAE}.Profile(StaticCRT)|Win32.Build.0 = Profile(StaticCRT)|Win32
		{7F84C25C-D048-4BB1-8C37-D651D59A1BAE}.Profile(StaticCRT)|x64.ActiveCfg = Profile(StaticCRT)|x64
		{7F84C25C-D048-4BB1-8C37-D651D59A1BAE}.Profile(StaticCRT)|x64.Build.0 = Profile(StaticCRT)|x64
		{7F84C25C-D048-4BB1-8C37-D651D59A1BAE}.Profile(StaticCRT)_EnableAsserts|Win32.ActiveCfg = Profile(StaticCRT)_EnableAsserts|Win32
		{7F84C25C-D048-4BB1-8C37-D651D59A1BAE}.Profile(StaticCRT)_EnableAsserts|Win32.Build.0 = Profile(StaticCRT)_EnableAsserts|Win32
		{7F84C25C-D048-4BB1-8C37-D651D59A1BAE}.Profile(StaticCRT)_EnableAsserts|x64.ActiveCfg = Profile(StaticCRT)_EnableAsserts|x64
		{7F84C25C-D048-4BB1-8C37-D651D59A1BAE}.Profile(StaticCRT)_EnableAsserts|x64.Build.0 = Profile(StaticCRT)_EnableAsserts|x64
		{7F84C25C-D048-4BB1-8C37-D651D59A1BAE}.Release|Win32.ActiveCfg = Release|Win32
		{7F84C25C-D048-4BB1-8C37-D651D59A1BAE}.Release|Win32.Build.0 = Release|Win32
		{7F84C25C-D048-4BB1-8C37-D651D59A1BAE}.Release|x64.ActiveCfg = Release|x64
		{7F84C25C-D048-4BB1-8C37-D651D59A1BAE}.Release|x64.Build.0 = Release|x64
		{7F84C25C-D048-4BB1-8C37-D651D59A1BAE}.Release(StaticCRT)|Win32.ActiveCfg = Release(StaticCRT)|Win32
		{7F84C25C-D048-4BB1-8C37-D651D59A1BAE}.Release(StaticCRT)|Win32.Build.0 = Release(StaticCRT)|Win32
		{7F84C25C-D048-4BB1-8C37-D651D59A1BAE}.Release(StaticCRT)|x64.ActiveCfg = Release(StaticCRT)|x64
		{7F84C25C-D048-4BB1-8C37-D651D59A1BAE}.Release(StaticCRT)|x64.Build.0 = Release(StaticCRT)|x64
		{C98A7955-3A01-B6D3-5DD6-6AE07311C5CE}.Debug|Win32.ActiveCfg = Debug|Win32
		{C98A7955-3A01-B6D3-5DD6-6AE07311C5CE}.Debug|Win32.Build.0 = Debug|Win32
		{C98A7955-3A01-B6D3-5DD6-6AE07311C5CE}.Debug|x64.ActiveCfg = Debug|x64
		{C98A7955-3A01-B6D3-5DD6-6AE07311C5CE}.Debug|x64.Build.0 = Debug|x64
		{C98A7955-3A01-B6D3-5DD6-6AE07311C5CE}.Debug(StaticCRT)|Win32.ActiveCfg = Debug(StaticCRT)|Win32
		{C98A7955-3A01-B6D3-5DD6-6AE07311C5CE}.Debug(StaticCRT)|Win32.Build.0 = Debug(StaticCRT)|Win32
		{C98A7955-3A01-B6D3-5DD6-6AE07311C5CE}.Debug(StaticCRT)|x64.ActiveCfg = Debug(StaticCRT)|x64
		{C98A7955-3A01-B6D3-5DD6-6AE07311C5CE}.Debug(StaticCRT)|x64.Build.0 = Debug(StaticCRT)|x64
		{C98A7955-3A01-B6D3-5DD6-6AE07311C5CE}.Profile|Win32.ActiveCfg = Profile|Win32
		{C98A7955-3A01-B6D3-5DD6-6AE07311C5CE}.Profile|Win32.Build.0 = Profile|Win32
		{C98A7955-3A01-B6D3-5DD6-6AE07311C5CE}.Profile|x64.ActiveCfg = Profile|x64
		{C98A7955-3A01-B6D3-5DD6-6AE07311C5CE}.Profile|x64.Build.0 = Profile|x64
		{C98A7955-3A01-B6D3-5DD6-6AE07311C5CE}.Profile_EnableAsserts|Win32.ActiveCfg = Profile_EnableAsserts|Win32
		{C98A7955-3A01-B6D3-5DD6-6AE07311C5CE}.Profile_EnableAsserts|Win32.Build.0 = Profile_EnableAsserts|Win32
		{C98A7955-3A01-B6D3-5DD6-6AE07311C5CE}.Profile_EnableAsserts|x64.ActiveCfg = Profile_EnableAsserts|x64
		{C98A7955-3A01-B6D3-5DD6-6AE07311C5CE}.Profile_EnableAsserts|x64.Build.0 = Profile_EnableAsserts|x64
		{C98A7955-3A01-B6D3-5DD6-6AE07311C5CE}.Profile(StaticCRT)|Win32.ActiveCfg = Profile(StaticCRT)|Win32
		{C98A7955-3A01-B6D3-5DD6-6AE07311C5CE}.Profile(StaticCRT)|Win32.Build.0 = Profile(StaticCRT)|Win32
		{C98A7955-3A01-B6D3-5DD6-6AE07311C5CE}.Profile(StaticCRT)|x64.ActiveCfg = Profile(StaticCRT)|x64
		{C98A7955-3A01-B6D3-5DD6-6AE07311C5CE}.Profile(StaticCRT)|x64.Build.0 = Profile(StaticCRT)|x64
		{C98A7955-3A01-B6D3-5DD6-6AE07311C5CE}.Profile(StaticCRT)_EnableAsserts|Win32.ActiveCfg = Profile(StaticCRT)_EnableAsserts|Win32
		{C98A7955-3A01-B6D3-5DD6-6AE07311C5CE}.Profile(StaticCRT)_EnableAsserts|Win32.Build.0 = Profile(StaticCRT)_EnableAsserts|Win32
		{C98A7955-3A01-B6D3-5DD6-6AE07311C5CE}.Profile(StaticCRT)_EnableAsserts|x64.ActiveCfg = Profile(StaticCRT)_EnableAsserts|x64
		{C98A7955-3A01-B6D3-5DD6-6AE07311C5CE}.Profile(StaticCRT)_EnableAsserts|x64.Build.0 = Profile(StaticCRT)_EnableAsserts|x64
		{C98A7955-3A01-B6D3-5DD6-6AE07311C5CE}.Release|Win32.ActiveCfg = Release|Win32
		{C98A7955-3A01-B6D3-5DD6-6AE07311C5CE}.Release|Win32.Build.0 = Release|Win32
		{C98A7955-3A01-B6D3-5DD6-6AE07311C5CE}.Release|x64.ActiveCfg = Release|x64
		{C98A7955-3A01-B6D3-5DD6-6AE07311C5CE}.Release|x64.Build.0 = Release|x64
		{C98A7955-3A01-B6D3-5DD6-6AE07311C5CE}.Release(StaticCRT)|Win32.ActiveCfg = Release(StaticCRT)|Win32
		{C98A7955-3A01-B6D3-5DD6-6AE07311C5CE}.Release(StaticCRT)|Win32.Build.0 = Release(StaticCRT)|Win32
		{C98A7955-3A01-B6D3-5DD6-6AE07311C5CE}.Release(StaticCRT)|x64.ActiveCfg = Release(StaticCRT)|x64
		{C98A7955-3A01-B6D3-5DD6-6AE07311C5CE}.Release(StaticCRT)|x64.Build.0 = Release(StaticCRT)|x64
		{B4B74909-C270-30DF-56B8-71F52F92B374}.Debug|Win32.ActiveCfg = Debug|Win32
		{B4B74909-C270-30DF-56B8-71F52F92B374}.Debug|Win32.Build.0 = Debug|Win32
		{B4B74909-C270-30DF-56B8-71F52F92B374}.Debug|x64.ActiveCfg = Debug|x64
		{B4B74909-C270-30DF-56B8-71F52F92B374}.Debug|x64.Build.0 = Debug|x64
		{B4B74909-C270-30DF-56B8-71F52F92B374}.Debug(StaticCRT)|Win32.ActiveCfg = Debug(StaticCRT)|Win32
		{B4B74909-C270-30DF-56B8-71F52F92B374}.Debug(StaticCRT)|Win32.Build.0 = Debug(StaticCRT)|Win32
		{B4B74909-C270-30DF-56B8-71F52F92B374}.Debug(StaticCRT)|x64.ActiveCfg = Debug(StaticCRT)|x64
		{B4B74909-C270-30DF-56B8-71F52F92B374}.Debug(StaticCRT)|x64.Build.0 = Debug(StaticCRT)|x64
		{B4B74909-C270-30DF-56B8-71F52F92B374}.Profile|Win32.ActiveCfg = Profile|Win32
		{B4B74909-C270-30DF-56B8-71F52F92B374}.Profile|Win32.Build.0 = Profile|Win32
		{B4B74909-C270-30DF-56B8-71F52F92B374}.Profile|x64.ActiveCfg = Profile|x64
		{B4B74909-C270-30DF-56B8-71F52F92B374}.Profile|x64.Build.0 = Profile|x64
		{B4B74909-C270-30DF-56B8-71F52F92B374}.Profile_EnableAsserts|Win32.ActiveCfg = Profile_EnableAsserts|Win32
		{B4B74909-C270-30DF-56B8-71F52F92B374}.Profile_EnableAsserts|Win32.Build.0 = Profile_EnableAsserts|Win32
		{B4B74909-C270-30DF-56B8-71F52F92B374}.Profile_EnableAsserts|x64.ActiveCfg = Profile_EnableAsserts|x64
		{B4B74909-C270-30DF-56B8-71F52F92B374}.Profile_EnableAsserts|x64.Build.0 = Profile_EnableAsserts|x64
		{B4B74909-C270-30DF-56B8-71F52F92B374}.Profile(StaticCRT)|Win32.ActiveCfg = Profile(StaticCRT)|Win32
		{B4B74909-C270-30DF-56B8-71F52F92B374}.Profile(StaticCRT)|Win32.Build.0 = Profile(StaticCRT)|Win32
		{B4B74909-C270-30DF-56B8-71F52F92B374}.Profile(StaticCRT)|x64.ActiveCfg = Profile(StaticCRT)|x64
		{B4B74909-C270-30DF-56B8-71F52F92B374}.Profile(StaticCRT)|x64.Build.0 = Profile(StaticCRT)|x64
		{B4B74909-C270-30DF-56B8-71F52F92B374}.Profile(StaticCRT)_EnableAsserts|Win32.ActiveCfg = Profile(StaticCRT)_EnableAsserts|Win32
		{B4B74909-C270-30DF-56B8-71F52F92B374}.Profile(StaticCRT)_EnableAsserts|Win32.Build.0 = Profile(StaticCRT)_EnableAsserts|Win32
		{B4B74909-C270-30DF-56B8-71F52F92B374}.Profile(StaticCRT)_EnableAsserts|x64.ActiveCfg = Profile(StaticCRT)_EnableAsserts|x64
		{B4B74909-C270-30DF-56B8-71F52F92B374}.Profile(StaticCRT)_EnableAsserts|x64.Build.0 = Profile(StaticCRT)_EnableAsserts|x64
		{B4B74909-C270-30DF-56B8-71F52F92B374}.Release|Win32.ActiveCfg = Release|Win32
		{B4B74909-C270-30DF-56B8-71F52F92B374}.Release|Win32.Build.0 = Release|Win32
		{B4B74909-C270-30DF-56B8-71F52F92B374}.Release|x64.ActiveCfg = Release|x64
		{B4B74909-C270-30DF-56B8-71F52F92B374}.Release|x64.Build.0 = Release|x64
		{B4B74909-C270-30DF-56B8-71F52F92B374}.Release(StaticCRT)|Win32.ActiveCfg = Release(StaticCRT)|Win32
		{B4B74909-C270-30DF-56B8-71F52F92B374}.Release(StaticCRT)|Win32.Build.0 = Release(StaticCRT)|Win32
		{B4B74909-C270-30DF-56B8-71F52F92B374}.Release(StaticCRT)|x64.ActiveCfg = Release(StaticCRT)|x64
		{B4B74909-C270-30DF-56B8-71F52F92B374}.Release(StaticCRT)|x64.Build.0 = Release(StaticCRT)|x64
	EndGlobalSection
	GlobalSection(SolutionProperties) = preSolution
		HideSolutionNode = FALSE
	EndGlobalSection
	GlobalSection(NestedProjects) = preSolution
	EndGlobalSection
EndGlobal
